
Microsoft Visual Studio Solution File, Format Version 12.00
# Visual Studio Version 17
VisualStudioVersion = 17.7.34302.85
MinimumVisualStudioVersion = 10.0.40219.1
Project("{9A19103F-16F7-4668-BE54-9A1E7A4F7556}") = "MotorcycleGameWpf", "MotorcycleGameWpf\MotorcycleGameWpf.csproj", "{E9C5E8AC-8E73-4D67-8BC2-431D09E08274}"
EndProject
Project("{FAE04EC0-301F-11D3-BF4B-00C04F79EFBC}") = "MotorcycleModelTest", "MotorcycleModelTest\MotorcycleModelTest.csproj", "{2E65D0F5-B3FB-445C-99D7-8814F2764B88}"
EndProject
Global
	GlobalSection(SolutionConfigurationPlatforms) = preSolution
		Debug|Any CPU = Debug|Any CPU
		Release|Any CPU = Release|Any CPU
	EndGlobalSection
	GlobalSection(ProjectConfigurationPlatforms) = postSolution
		{E9C5E8AC-8E73-4D67-8BC2-431D09E08274}.Debug|Any CPU.ActiveCfg = Debug|Any CPU
		{E9C5E8AC-8E73-4D67-8BC2-431D09E08274}.Debug|Any CPU.Build.0 = Debug|Any CPU
		{E9C5E8AC-8E73-4D67-8BC2-431D09E08274}.Release|Any CPU.ActiveCfg = Release|Any CPU
		{E9C5E8AC-8E73-4D67-8BC2-431D09E08274}.Release|Any CPU.Build.0 = Release|Any CPU
		{2E65D0F5-B3FB-445C-99D7-8814F2764B88}.Debug|Any CPU.ActiveCfg = Debug|Any CPU
		{2E65D0F5-B3FB-445C-99D7-8814F2764B88}.Debug|Any CPU.Build.0 = Debug|Any CPU
		{2E65D0F5-B3FB-445C-99D7-8814F2764B88}.Release|Any CPU.ActiveCfg = Release|Any CPU
		{2E65D0F5-B3FB-445C-99D7-8814F2764B88}.Release|Any CPU.Build.0 = Release|Any CPU
	EndGlobalSection
	GlobalSection(SolutionProperties) = preSolution
		HideSolutionNode = FALSE
	EndGlobalSection
	GlobalSection(ExtensibilityGlobals) = postSolution
		SolutionGuid = {A1C2B741-A458-47C6-A63E-B6CDD93C20F9}
	EndGlobalSection
EndGlobal
